
Microsoft Visual Studio Solution File, Format Version 12.00
# Visual Studio 15
VisualStudioVersion = 15.0.28307.902
MinimumVisualStudioVersion = 10.0.40219.1
Project("{FAE04EC0-301F-11D3-BF4B-00C04F79EFBC}") = "WindowsFormsAppGit02", "WindowsFormsAppGit02\WindowsFormsAppGit02.csproj", "{93901E51-BDB2-47AB-8C28-E3A749B60AF1}"
EndProject
Global
	GlobalSection(SolutionConfigurationPlatforms) = preSolution
		Debug|Any CPU = Debug|Any CPU
		Release|Any CPU = Release|Any CPU
	EndGlobalSection
	GlobalSection(ProjectConfigurationPlatforms) = postSolution
		{93901E51-BDB2-47AB-8C28-E3A749B60AF1}.Debug|Any CPU.ActiveCfg = Debug|Any CPU
		{93901E51-BDB2-47AB-8C28-E3A749B60AF1}.Debug|Any CPU.Build.0 = Debug|Any CPU
		{93901E51-BDB2-47AB-8C28-E3A749B60AF1}.Release|Any CPU.ActiveCfg = Release|Any CPU
		{93901E51-BDB2-47AB-8C28-E3A749B60AF1}.Release|Any CPU.Build.0 = Release|Any CPU
	EndGlobalSection
	GlobalSection(SolutionProperties) = preSolution
		HideSolutionNode = FALSE
	EndGlobalSection
	GlobalSection(ExtensibilityGlobals) = postSolution
		SolutionGuid = {7564E817-9EB5-4501-8D80-5C3175028B9D}
	EndGlobalSection
EndGlobal
